// !$*UTF8*$!
{
	archiveVersion = 1;
	classes = {
	};
	objectVersion = 48;
	objects = {

/* Begin PBXBuildFile section */
		2E3C0530214E077A00C7A225 /* SettingsViewController.swift in Sources */ = {isa = PBXBuildFile; fileRef = 2E3C052F214E077A00C7A225 /* SettingsViewController.swift */; };
		2E3C05322156FFC100C7A225 /* TermsAndConditionsViewController.swift in Sources */ = {isa = PBXBuildFile; fileRef = 2E3C05312156FFC100C7A225 /* TermsAndConditionsViewController.swift */; };
		2E3C0534215884C900C7A225 /* ChangePasswordViewController.swift in Sources */ = {isa = PBXBuildFile; fileRef = 2E3C0533215884C900C7A225 /* ChangePasswordViewController.swift */; };
		2E3C05372159D2C100C7A225 /* VideocallViewController.swift in Sources */ = {isa = PBXBuildFile; fileRef = 2E3C05362159D2C100C7A225 /* VideocallViewController.swift */; };
		2E3C05392159D6A600C7A225 /* AffiliateCallHistory.swift in Sources */ = {isa = PBXBuildFile; fileRef = 2E3C05382159D6A600C7A225 /* AffiliateCallHistory.swift */; };
		2E3C053B2159D97200C7A225 /* Queue.swift in Sources */ = {isa = PBXBuildFile; fileRef = 2E3C053A2159D97200C7A225 /* Queue.swift */; };
		2E4BE5D721D469FD00507D93 /* SessionUtil.swift in Sources */ = {isa = PBXBuildFile; fileRef = 2E4BE5D621D469FD00507D93 /* SessionUtil.swift */; };
		2E4BE5D821D469FD00507D93 /* SessionUtil.swift in Sources */ = {isa = PBXBuildFile; fileRef = 2E4BE5D621D469FD00507D93 /* SessionUtil.swift */; };
		2E5F0AF8218FB37F00296FF1 /* RankCallViewController.swift in Sources */ = {isa = PBXBuildFile; fileRef = 2E5F0AF7218FB37F00296FF1 /* RankCallViewController.swift */; };
		2E5F0AFA218FE56C00296FF1 /* VideocallRank.swift in Sources */ = {isa = PBXBuildFile; fileRef = 2E5F0AF9218FE56C00296FF1 /* VideocallRank.swift */; };
		2E69120A21C056C800244BF2 /* AffiliateCallHistory.swift in Sources */ = {isa = PBXBuildFile; fileRef = 2E3C05382159D6A600C7A225 /* AffiliateCallHistory.swift */; };
		2E69120B21C056C800244BF2 /* CreateAccountViewController.swift in Sources */ = {isa = PBXBuildFile; fileRef = 2E8CD7BF213C8D0700174696 /* CreateAccountViewController.swift */; };
		2E69120C21C056C800244BF2 /* MedicalRecordTableViewController.swift in Sources */ = {isa = PBXBuildFile; fileRef = FB1D661D2071E95900423942 /* MedicalRecordTableViewController.swift */; };
		2E69120D21C056C800244BF2 /* VideocallRank.swift in Sources */ = {isa = PBXBuildFile; fileRef = 2E5F0AF9218FE56C00296FF1 /* VideocallRank.swift */; };
		2E69120E21C056C800244BF2 /* Videocall.swift in Sources */ = {isa = PBXBuildFile; fileRef = FB173A1A20CE1BB50048F642 /* Videocall.swift */; };
		2E69120F21C056C800244BF2 /* RankCallViewController.swift in Sources */ = {isa = PBXBuildFile; fileRef = 2E5F0AF7218FB37F00296FF1 /* RankCallViewController.swift */; };
		2E69121021C056C800244BF2 /* VideocallViewController.swift in Sources */ = {isa = PBXBuildFile; fileRef = 2E3C05362159D2C100C7A225 /* VideocallViewController.swift */; };
		2E69121121C056C800244BF2 /* TermsAndConditionsViewController.swift in Sources */ = {isa = PBXBuildFile; fileRef = 2E3C05312156FFC100C7A225 /* TermsAndConditionsViewController.swift */; };
		2E69121221C056C800244BF2 /* LoginViewController.swift in Sources */ = {isa = PBXBuildFile; fileRef = FBF33088204A5E91009DABDD /* LoginViewController.swift */; };
		2E69121321C056C800244BF2 /* SelectProviderViewController.swift in Sources */ = {isa = PBXBuildFile; fileRef = 2E8CD7BD213B91D100174696 /* SelectProviderViewController.swift */; };
		2E69121421C056C800244BF2 /* Constant.swift in Sources */ = {isa = PBXBuildFile; fileRef = FBE3164320CC725D0041B57E /* Constant.swift */; };
		2E69121521C056C800244BF2 /* UserInfo.swift in Sources */ = {isa = PBXBuildFile; fileRef = FBE71F9E21080E0A006D3540 /* UserInfo.swift */; };
		2E69121621C056C800244BF2 /* Credential.swift in Sources */ = {isa = PBXBuildFile; fileRef = FB4F5FEF207088D10011BBD4 /* Credential.swift */; };
		2E69121721C056C800244BF2 /* ChangePasswordViewController.swift in Sources */ = {isa = PBXBuildFile; fileRef = 2E3C0533215884C900C7A225 /* ChangePasswordViewController.swift */; };
		2E69121821C056C800244BF2 /* Doctor.swift in Sources */ = {isa = PBXBuildFile; fileRef = FB4F072620CE21AB00A23FF9 /* Doctor.swift */; };
		2E69121921C056C800244BF2 /* Util.swift in Sources */ = {isa = PBXBuildFile; fileRef = FB4F072820D0A4D400A23FF9 /* Util.swift */; };
		2E69121A21C056C800244BF2 /* AffiliateFilter.swift in Sources */ = {isa = PBXBuildFile; fileRef = 2EE1FD1E2197D6B7008D2E84 /* AffiliateFilter.swift */; };
		2E69121B21C056C800244BF2 /* MedicalRecordDetailViewController.swift in Sources */ = {isa = PBXBuildFile; fileRef = FB1D66202072ACCF00423942 /* MedicalRecordDetailViewController.swift */; };
		2E69121C21C056C800244BF2 /* MedicalRecord.swift in Sources */ = {isa = PBXBuildFile; fileRef = FB1D66192071DF8F00423942 /* MedicalRecord.swift */; };
		2E69121D21C056C800244BF2 /* Queue.swift in Sources */ = {isa = PBXBuildFile; fileRef = 2E3C053A2159D97200C7A225 /* Queue.swift */; };
		2E69121E21C056C800244BF2 /* MedicalRecordTableViewCell.swift in Sources */ = {isa = PBXBuildFile; fileRef = FB1D661B2071E6F100423942 /* MedicalRecordTableViewCell.swift */; };
		2E69121F21C056C800244BF2 /* SettingsViewController.swift in Sources */ = {isa = PBXBuildFile; fileRef = 2E3C052F214E077A00C7A225 /* SettingsViewController.swift */; };
		2E69122021C056C800244BF2 /* Provider.swift in Sources */ = {isa = PBXBuildFile; fileRef = FB4F072420CE213F00A23FF9 /* Provider.swift */; };
		2E69122121C056C800244BF2 /* AppDelegate.swift in Sources */ = {isa = PBXBuildFile; fileRef = FBF33086204A5E91009DABDD /* AppDelegate.swift */; };
		2E69122221C056C800244BF2 /* ProviderTableViewCell.swift in Sources */ = {isa = PBXBuildFile; fileRef = 2E8CD7BB213B8EE500174696 /* ProviderTableViewCell.swift */; };
		2E69122321C056C800244BF2 /* ForgotPasswordViewController.swift in Sources */ = {isa = PBXBuildFile; fileRef = 2E8CD7B621377F6A00174696 /* ForgotPasswordViewController.swift */; };
		2E69122421C056C800244BF2 /* NewCallViewController.swift in Sources */ = {isa = PBXBuildFile; fileRef = 2EB18C52218A5DED0029DB0A /* NewCallViewController.swift */; };
		2E69122521C056C800244BF2 /* Reason.swift in Sources */ = {isa = PBXBuildFile; fileRef = FB173A1820CE1AF40048F642 /* Reason.swift */; };
		2E69122621C056C800244BF2 /* NewsViewController.swift in Sources */ = {isa = PBXBuildFile; fileRef = 2E8CD7C2214B4C4000174696 /* NewsViewController.swift */; };
		2E69122721C056C800244BF2 /* Affiliate.swift in Sources */ = {isa = PBXBuildFile; fileRef = FB4F072220CE202900A23FF9 /* Affiliate.swift */; };
		2E69122821C056C800244BF2 /* NavigationUtil.swift in Sources */ = {isa = PBXBuildFile; fileRef = 2E8CD7B22134DF8B00174696 /* NavigationUtil.swift */; };
		2E69122921C056C800244BF2 /* UIViewController+Loading.swift in Sources */ = {isa = PBXBuildFile; fileRef = 2EE1FD202198B218008D2E84 /* UIViewController+Loading.swift */; };
		2E69122B21C056C800244BF2 /* (null) in Frameworks */ = {isa = PBXBuildFile; };
		2E69122C21C056C800244BF2 /* Pods_DoctorEnCasa_iOS.framework in Frameworks */ = {isa = PBXBuildFile; fileRef = 6CBB3C4CFD85B38B17DD2D33 /* Pods_DoctorEnCasa_iOS.framework */; };
		2E69122F21C056C800244BF2 /* Podfile in Resources */ = {isa = PBXBuildFile; fileRef = 2ED5D5CF21894BB300CB0C9B /* Podfile */; };
		2E69123021C056C800244BF2 /* Login.storyboard in Resources */ = {isa = PBXBuildFile; fileRef = 2E8CD7B4213632CC00174696 /* Login.storyboard */; };
		2E69123121C056C800244BF2 /* LaunchScreen.storyboard in Resources */ = {isa = PBXBuildFile; fileRef = FBF3308F204A5E91009DABDD /* LaunchScreen.storyboard */; };
		2E69123221C056C800244BF2 /* CreateAccount.storyboard in Resources */ = {isa = PBXBuildFile; fileRef = 2E8CD7B8213B8B0E00174696 /* CreateAccount.storyboard */; };
		2E69123321C056C800244BF2 /* Assets.xcassets in Resources */ = {isa = PBXBuildFile; fileRef = FBF3308D204A5E91009DABDD /* Assets.xcassets */; };
		2E69123421C056C800244BF2 /* Main.storyboard in Resources */ = {isa = PBXBuildFile; fileRef = FBF3308A204A5E91009DABDD /* Main.storyboard */; };
		2E69123B21C14FB700244BF2 /* GoogleService-Info.plist in Resources */ = {isa = PBXBuildFile; fileRef = 2EE1FD1B219701F8008D2E84 /* GoogleService-Info.plist */; };
		2E8CD7B32134DF8B00174696 /* NavigationUtil.swift in Sources */ = {isa = PBXBuildFile; fileRef = 2E8CD7B22134DF8B00174696 /* NavigationUtil.swift */; };
		2E8CD7B5213632CC00174696 /* Login.storyboard in Resources */ = {isa = PBXBuildFile; fileRef = 2E8CD7B4213632CC00174696 /* Login.storyboard */; };
		2E8CD7B721377F6A00174696 /* ForgotPasswordViewController.swift in Sources */ = {isa = PBXBuildFile; fileRef = 2E8CD7B621377F6A00174696 /* ForgotPasswordViewController.swift */; };
		2E8CD7B9213B8B0E00174696 /* CreateAccount.storyboard in Resources */ = {isa = PBXBuildFile; fileRef = 2E8CD7B8213B8B0E00174696 /* CreateAccount.storyboard */; };
		2E8CD7BC213B8EE500174696 /* ProviderTableViewCell.swift in Sources */ = {isa = PBXBuildFile; fileRef = 2E8CD7BB213B8EE500174696 /* ProviderTableViewCell.swift */; };
		2E8CD7BE213B91D100174696 /* SelectProviderViewController.swift in Sources */ = {isa = PBXBuildFile; fileRef = 2E8CD7BD213B91D100174696 /* SelectProviderViewController.swift */; };
		2E8CD7C0213C8D0700174696 /* CreateAccountViewController.swift in Sources */ = {isa = PBXBuildFile; fileRef = 2E8CD7BF213C8D0700174696 /* CreateAccountViewController.swift */; };
		2E8CD7C3214B4C4000174696 /* NewsViewController.swift in Sources */ = {isa = PBXBuildFile; fileRef = 2E8CD7C2214B4C4000174696 /* NewsViewController.swift */; };
		2EB18C53218A5DED0029DB0A /* NewCallViewController.swift in Sources */ = {isa = PBXBuildFile; fileRef = 2EB18C52218A5DED0029DB0A /* NewCallViewController.swift */; };
		2ED5D5D021894BB300CB0C9B /* Podfile in Resources */ = {isa = PBXBuildFile; fileRef = 2ED5D5CF21894BB300CB0C9B /* Podfile */; };
		2EE1FD1C2197022E008D2E84 /* GoogleService-Info.plist in Resources */ = {isa = PBXBuildFile; fileRef = 2E5F0AF3218D115900296FF1 /* GoogleService-Info.plist */; };
		2EE1FD1F2197D6B7008D2E84 /* AffiliateFilter.swift in Sources */ = {isa = PBXBuildFile; fileRef = 2EE1FD1E2197D6B7008D2E84 /* AffiliateFilter.swift */; };
		2EE1FD212198B218008D2E84 /* UIViewController+Loading.swift in Sources */ = {isa = PBXBuildFile; fileRef = 2EE1FD202198B218008D2E84 /* UIViewController+Loading.swift */; };
		7C9EF52F279E19AD1F288A05 /* Pods_DoctorEnCasa_iOS.framework in Frameworks */ = {isa = PBXBuildFile; fileRef = 6CBB3C4CFD85B38B17DD2D33 /* Pods_DoctorEnCasa_iOS.framework */; };
		F17329F303A1FB8960C2CD6B /* (null) in Frameworks */ = {isa = PBXBuildFile; };
		FB173A1920CE1AF40048F642 /* Reason.swift in Sources */ = {isa = PBXBuildFile; fileRef = FB173A1820CE1AF40048F642 /* Reason.swift */; };
		FB173A1B20CE1BB50048F642 /* Videocall.swift in Sources */ = {isa = PBXBuildFile; fileRef = FB173A1A20CE1BB50048F642 /* Videocall.swift */; };
		FB1D661A2071DF8F00423942 /* MedicalRecord.swift in Sources */ = {isa = PBXBuildFile; fileRef = FB1D66192071DF8F00423942 /* MedicalRecord.swift */; };
		FB1D661C2071E6F100423942 /* MedicalRecordTableViewCell.swift in Sources */ = {isa = PBXBuildFile; fileRef = FB1D661B2071E6F100423942 /* MedicalRecordTableViewCell.swift */; };
		FB1D661E2071E95900423942 /* MedicalRecordTableViewController.swift in Sources */ = {isa = PBXBuildFile; fileRef = FB1D661D2071E95900423942 /* MedicalRecordTableViewController.swift */; };
		FB1D66212072ACCF00423942 /* MedicalRecordDetailViewController.swift in Sources */ = {isa = PBXBuildFile; fileRef = FB1D66202072ACCF00423942 /* MedicalRecordDetailViewController.swift */; };
		FB4F072320CE202900A23FF9 /* Affiliate.swift in Sources */ = {isa = PBXBuildFile; fileRef = FB4F072220CE202900A23FF9 /* Affiliate.swift */; };
		FB4F072520CE213F00A23FF9 /* Provider.swift in Sources */ = {isa = PBXBuildFile; fileRef = FB4F072420CE213F00A23FF9 /* Provider.swift */; };
		FB4F072720CE21AB00A23FF9 /* Doctor.swift in Sources */ = {isa = PBXBuildFile; fileRef = FB4F072620CE21AB00A23FF9 /* Doctor.swift */; };
		FB4F072920D0A4D400A23FF9 /* Util.swift in Sources */ = {isa = PBXBuildFile; fileRef = FB4F072820D0A4D400A23FF9 /* Util.swift */; };
		FB4F5FF0207088D10011BBD4 /* Credential.swift in Sources */ = {isa = PBXBuildFile; fileRef = FB4F5FEF207088D10011BBD4 /* Credential.swift */; };
		FBE3164420CC725D0041B57E /* Constant.swift in Sources */ = {isa = PBXBuildFile; fileRef = FBE3164320CC725D0041B57E /* Constant.swift */; };
		FBE71F9F21080E0A006D3540 /* UserInfo.swift in Sources */ = {isa = PBXBuildFile; fileRef = FBE71F9E21080E0A006D3540 /* UserInfo.swift */; };
		FBF33087204A5E91009DABDD /* AppDelegate.swift in Sources */ = {isa = PBXBuildFile; fileRef = FBF33086204A5E91009DABDD /* AppDelegate.swift */; };
		FBF33089204A5E91009DABDD /* LoginViewController.swift in Sources */ = {isa = PBXBuildFile; fileRef = FBF33088204A5E91009DABDD /* LoginViewController.swift */; };
		FBF3308C204A5E91009DABDD /* Main.storyboard in Resources */ = {isa = PBXBuildFile; fileRef = FBF3308A204A5E91009DABDD /* Main.storyboard */; };
		FBF3308E204A5E91009DABDD /* Assets.xcassets in Resources */ = {isa = PBXBuildFile; fileRef = FBF3308D204A5E91009DABDD /* Assets.xcassets */; };
		FBF33091204A5E91009DABDD /* LaunchScreen.storyboard in Resources */ = {isa = PBXBuildFile; fileRef = FBF3308F204A5E91009DABDD /* LaunchScreen.storyboard */; };
/* End PBXBuildFile section */

/* Begin PBXFileReference section */
		04744AC03D6B3E7A8A19748B /* Pods-DoctorEnCasa-iOS-Test.debug.xcconfig */ = {isa = PBXFileReference; includeInIndex = 1; lastKnownFileType = text.xcconfig; name = "Pods-DoctorEnCasa-iOS-Test.debug.xcconfig"; path = "Pods/Target Support Files/Pods-DoctorEnCasa-iOS-Test/Pods-DoctorEnCasa-iOS-Test.debug.xcconfig"; sourceTree = "<group>"; };
		20216E6EE83C687E01E17365 /* Pods-DoctorEnCasa-iOS-Test.release.xcconfig */ = {isa = PBXFileReference; includeInIndex = 1; lastKnownFileType = text.xcconfig; name = "Pods-DoctorEnCasa-iOS-Test.release.xcconfig"; path = "Pods/Target Support Files/Pods-DoctorEnCasa-iOS-Test/Pods-DoctorEnCasa-iOS-Test.release.xcconfig"; sourceTree = "<group>"; };
		2E3C052F214E077A00C7A225 /* SettingsViewController.swift */ = {isa = PBXFileReference; lastKnownFileType = sourcecode.swift; path = SettingsViewController.swift; sourceTree = "<group>"; };
		2E3C05312156FFC100C7A225 /* TermsAndConditionsViewController.swift */ = {isa = PBXFileReference; lastKnownFileType = sourcecode.swift; path = TermsAndConditionsViewController.swift; sourceTree = "<group>"; };
		2E3C0533215884C900C7A225 /* ChangePasswordViewController.swift */ = {isa = PBXFileReference; lastKnownFileType = sourcecode.swift; path = ChangePasswordViewController.swift; sourceTree = "<group>"; };
		2E3C05362159D2C100C7A225 /* VideocallViewController.swift */ = {isa = PBXFileReference; lastKnownFileType = sourcecode.swift; path = VideocallViewController.swift; sourceTree = "<group>"; };
		2E3C05382159D6A600C7A225 /* AffiliateCallHistory.swift */ = {isa = PBXFileReference; lastKnownFileType = sourcecode.swift; path = AffiliateCallHistory.swift; sourceTree = "<group>"; };
		2E3C053A2159D97200C7A225 /* Queue.swift */ = {isa = PBXFileReference; lastKnownFileType = sourcecode.swift; path = Queue.swift; sourceTree = "<group>"; };
		2E4BE5D621D469FD00507D93 /* SessionUtil.swift */ = {isa = PBXFileReference; lastKnownFileType = sourcecode.swift; path = SessionUtil.swift; sourceTree = "<group>"; };
		2E5F0AF3218D115900296FF1 /* GoogleService-Info.plist */ = {isa = PBXFileReference; fileEncoding = 4; lastKnownFileType = text.plist.xml; name = "GoogleService-Info.plist"; path = "DoctorEnCasa-iOS/Firebase/prod/GoogleService-Info.plist"; sourceTree = SOURCE_ROOT; };
		2E5F0AF7218FB37F00296FF1 /* RankCallViewController.swift */ = {isa = PBXFileReference; lastKnownFileType = sourcecode.swift; path = RankCallViewController.swift; sourceTree = "<group>"; };
		2E5F0AF9218FE56C00296FF1 /* VideocallRank.swift */ = {isa = PBXFileReference; lastKnownFileType = sourcecode.swift; path = VideocallRank.swift; sourceTree = "<group>"; };
		2E69123921C056C800244BF2 /* DoctorEnCasa-iOS-Test.app */ = {isa = PBXFileReference; explicitFileType = wrapper.application; includeInIndex = 0; path = "DoctorEnCasa-iOS-Test.app"; sourceTree = BUILT_PRODUCTS_DIR; };
		2E69123A21C056C800244BF2 /* DoctorEnCasa-iOS-Test.plist */ = {isa = PBXFileReference; lastKnownFileType = text.plist.xml; name = "DoctorEnCasa-iOS-Test.plist"; path = "/Users/agustin.bala/Desktop/Personal/UCMQ/Doctor en Casa/DoctorEnCasa-iOS/DoctorEnCasa-iOS/DoctorEnCasa-iOS-Test.plist"; sourceTree = "<absolute>"; };
		2E8CD7B22134DF8B00174696 /* NavigationUtil.swift */ = {isa = PBXFileReference; lastKnownFileType = sourcecode.swift; path = NavigationUtil.swift; sourceTree = "<group>"; };
		2E8CD7B4213632CC00174696 /* Login.storyboard */ = {isa = PBXFileReference; lastKnownFileType = file.storyboard; path = Login.storyboard; sourceTree = "<group>"; };
		2E8CD7B621377F6A00174696 /* ForgotPasswordViewController.swift */ = {isa = PBXFileReference; lastKnownFileType = sourcecode.swift; path = ForgotPasswordViewController.swift; sourceTree = "<group>"; };
		2E8CD7B8213B8B0E00174696 /* CreateAccount.storyboard */ = {isa = PBXFileReference; lastKnownFileType = file.storyboard; path = CreateAccount.storyboard; sourceTree = "<group>"; };
		2E8CD7BB213B8EE500174696 /* ProviderTableViewCell.swift */ = {isa = PBXFileReference; lastKnownFileType = sourcecode.swift; path = ProviderTableViewCell.swift; sourceTree = "<group>"; };
		2E8CD7BD213B91D100174696 /* SelectProviderViewController.swift */ = {isa = PBXFileReference; lastKnownFileType = sourcecode.swift; path = SelectProviderViewController.swift; sourceTree = "<group>"; };
		2E8CD7BF213C8D0700174696 /* CreateAccountViewController.swift */ = {isa = PBXFileReference; lastKnownFileType = sourcecode.swift; path = CreateAccountViewController.swift; sourceTree = "<group>"; };
		2E8CD7C2214B4C4000174696 /* NewsViewController.swift */ = {isa = PBXFileReference; lastKnownFileType = sourcecode.swift; path = NewsViewController.swift; sourceTree = "<group>"; };
		2EB18C52218A5DED0029DB0A /* NewCallViewController.swift */ = {isa = PBXFileReference; lastKnownFileType = sourcecode.swift; path = NewCallViewController.swift; sourceTree = "<group>"; };
		2ED5D5CF21894BB300CB0C9B /* Podfile */ = {isa = PBXFileReference; lastKnownFileType = text; path = Podfile; sourceTree = "<group>"; xcLanguageSpecificationIdentifier = xcode.lang.ruby; };
		2EE1FCE32193ECE6008D2E84 /* DoctorEnCasa-iOS.entitlements */ = {isa = PBXFileReference; lastKnownFileType = text.plist.entitlements; path = "DoctorEnCasa-iOS.entitlements"; sourceTree = "<group>"; };
		2EE1FD1B219701F8008D2E84 /* GoogleService-Info.plist */ = {isa = PBXFileReference; lastKnownFileType = text.plist.xml; path = "GoogleService-Info.plist"; sourceTree = "<group>"; };
		2EE1FD1E2197D6B7008D2E84 /* AffiliateFilter.swift */ = {isa = PBXFileReference; lastKnownFileType = sourcecode.swift; path = AffiliateFilter.swift; sourceTree = "<group>"; };
		2EE1FD202198B218008D2E84 /* UIViewController+Loading.swift */ = {isa = PBXFileReference; lastKnownFileType = sourcecode.swift; path = "UIViewController+Loading.swift"; sourceTree = "<group>"; };
		5604B001F5FA1F737A1D47F6 /* Pods-DoctorEnCasa-iOS.release.xcconfig */ = {isa = PBXFileReference; includeInIndex = 1; lastKnownFileType = text.xcconfig; name = "Pods-DoctorEnCasa-iOS.release.xcconfig"; path = "Pods/Target Support Files/Pods-DoctorEnCasa-iOS/Pods-DoctorEnCasa-iOS.release.xcconfig"; sourceTree = "<group>"; };
		6CBB3C4CFD85B38B17DD2D33 /* Pods_DoctorEnCasa_iOS.framework */ = {isa = PBXFileReference; explicitFileType = wrapper.framework; includeInIndex = 0; path = Pods_DoctorEnCasa_iOS.framework; sourceTree = BUILT_PRODUCTS_DIR; };
		7FA3B518E0ED82E77CDFCABD /* Pods_DoctorEnCasa_iOS_Test.framework */ = {isa = PBXFileReference; explicitFileType = wrapper.framework; includeInIndex = 0; path = Pods_DoctorEnCasa_iOS_Test.framework; sourceTree = BUILT_PRODUCTS_DIR; };
		E9CE0242D9F86234592003FE /* Pods-DoctorEnCasa-iOS.debug.xcconfig */ = {isa = PBXFileReference; includeInIndex = 1; lastKnownFileType = text.xcconfig; name = "Pods-DoctorEnCasa-iOS.debug.xcconfig"; path = "Pods/Target Support Files/Pods-DoctorEnCasa-iOS/Pods-DoctorEnCasa-iOS.debug.xcconfig"; sourceTree = "<group>"; };
		FB173A1820CE1AF40048F642 /* Reason.swift */ = {isa = PBXFileReference; lastKnownFileType = sourcecode.swift; path = Reason.swift; sourceTree = "<group>"; };
		FB173A1A20CE1BB50048F642 /* Videocall.swift */ = {isa = PBXFileReference; lastKnownFileType = sourcecode.swift; path = Videocall.swift; sourceTree = "<group>"; };
		FB1D66192071DF8F00423942 /* MedicalRecord.swift */ = {isa = PBXFileReference; lastKnownFileType = sourcecode.swift; path = MedicalRecord.swift; sourceTree = "<group>"; };
		FB1D661B2071E6F100423942 /* MedicalRecordTableViewCell.swift */ = {isa = PBXFileReference; lastKnownFileType = sourcecode.swift; path = MedicalRecordTableViewCell.swift; sourceTree = "<group>"; };
		FB1D661D2071E95900423942 /* MedicalRecordTableViewController.swift */ = {isa = PBXFileReference; lastKnownFileType = sourcecode.swift; path = MedicalRecordTableViewController.swift; sourceTree = "<group>"; };
		FB1D66202072ACCF00423942 /* MedicalRecordDetailViewController.swift */ = {isa = PBXFileReference; lastKnownFileType = sourcecode.swift; path = MedicalRecordDetailViewController.swift; sourceTree = "<group>"; };
		FB4F072220CE202900A23FF9 /* Affiliate.swift */ = {isa = PBXFileReference; lastKnownFileType = sourcecode.swift; path = Affiliate.swift; sourceTree = "<group>"; };
		FB4F072420CE213F00A23FF9 /* Provider.swift */ = {isa = PBXFileReference; lastKnownFileType = sourcecode.swift; path = Provider.swift; sourceTree = "<group>"; };
		FB4F072620CE21AB00A23FF9 /* Doctor.swift */ = {isa = PBXFileReference; lastKnownFileType = sourcecode.swift; path = Doctor.swift; sourceTree = "<group>"; };
		FB4F072820D0A4D400A23FF9 /* Util.swift */ = {isa = PBXFileReference; lastKnownFileType = sourcecode.swift; path = Util.swift; sourceTree = "<group>"; };
		FB4F5FEF207088D10011BBD4 /* Credential.swift */ = {isa = PBXFileReference; lastKnownFileType = sourcecode.swift; path = Credential.swift; sourceTree = "<group>"; };
		FBE3164320CC725D0041B57E /* Constant.swift */ = {isa = PBXFileReference; lastKnownFileType = sourcecode.swift; path = Constant.swift; sourceTree = "<group>"; };
		FBE71F9E21080E0A006D3540 /* UserInfo.swift */ = {isa = PBXFileReference; lastKnownFileType = sourcecode.swift; path = UserInfo.swift; sourceTree = "<group>"; };
		FBF33083204A5E91009DABDD /* DoctorEnCasa-iOS.app */ = {isa = PBXFileReference; explicitFileType = wrapper.application; includeInIndex = 0; path = "DoctorEnCasa-iOS.app"; sourceTree = BUILT_PRODUCTS_DIR; };
		FBF33086204A5E91009DABDD /* AppDelegate.swift */ = {isa = PBXFileReference; lastKnownFileType = sourcecode.swift; path = AppDelegate.swift; sourceTree = "<group>"; };
		FBF33088204A5E91009DABDD /* LoginViewController.swift */ = {isa = PBXFileReference; lastKnownFileType = sourcecode.swift; path = LoginViewController.swift; sourceTree = "<group>"; };
		FBF3308B204A5E91009DABDD /* Base */ = {isa = PBXFileReference; lastKnownFileType = file.storyboard; name = Base; path = Base.lproj/Main.storyboard; sourceTree = "<group>"; };
		FBF3308D204A5E91009DABDD /* Assets.xcassets */ = {isa = PBXFileReference; lastKnownFileType = folder.assetcatalog; path = Assets.xcassets; sourceTree = "<group>"; };
		FBF33090204A5E91009DABDD /* Base */ = {isa = PBXFileReference; lastKnownFileType = file.storyboard; name = Base; path = Base.lproj/LaunchScreen.storyboard; sourceTree = "<group>"; };
		FBF33092204A5E91009DABDD /* Info.plist */ = {isa = PBXFileReference; lastKnownFileType = text.plist.xml; path = Info.plist; sourceTree = "<group>"; };
/* End PBXFileReference section */

/* Begin PBXFrameworksBuildPhase section */
		2E69122A21C056C800244BF2 /* Frameworks */ = {
			isa = PBXFrameworksBuildPhase;
			buildActionMask = 2147483647;
			files = (
				2E69122B21C056C800244BF2 /* (null) in Frameworks */,
				2E69122C21C056C800244BF2 /* Pods_DoctorEnCasa_iOS.framework in Frameworks */,
			);
			runOnlyForDeploymentPostprocessing = 0;
		};
		FBF33080204A5E91009DABDD /* Frameworks */ = {
			isa = PBXFrameworksBuildPhase;
			buildActionMask = 2147483647;
			files = (
				F17329F303A1FB8960C2CD6B /* (null) in Frameworks */,
				7C9EF52F279E19AD1F288A05 /* Pods_DoctorEnCasa_iOS.framework in Frameworks */,
			);
			runOnlyForDeploymentPostprocessing = 0;
		};
/* End PBXFrameworksBuildPhase section */

/* Begin PBXGroup section */
		2E3C052E214E076000C7A225 /* settings */ = {
			isa = PBXGroup;
			children = (
				2E3C052F214E077A00C7A225 /* SettingsViewController.swift */,
				2E3C05312156FFC100C7A225 /* TermsAndConditionsViewController.swift */,
				2E3C0533215884C900C7A225 /* ChangePasswordViewController.swift */,
			);
			path = settings;
			sourceTree = "<group>";
		};
		2E3C05352159D2B000C7A225 /* videocall */ = {
			isa = PBXGroup;
			children = (
				2E3C05362159D2C100C7A225 /* VideocallViewController.swift */,
				2EB18C52218A5DED0029DB0A /* NewCallViewController.swift */,
				2E5F0AF7218FB37F00296FF1 /* RankCallViewController.swift */,
			);
			path = videocall;
			sourceTree = "<group>";
		};
		2E8CD7BA213B8EB400174696 /* createAccount */ = {
			isa = PBXGroup;
			children = (
				2E8CD7BB213B8EE500174696 /* ProviderTableViewCell.swift */,
				2E8CD7BD213B91D100174696 /* SelectProviderViewController.swift */,
				2E8CD7BF213C8D0700174696 /* CreateAccountViewController.swift */,
			);
			path = createAccount;
			sourceTree = "<group>";
		};
		2E8CD7C1214B4BEF00174696 /* news */ = {
			isa = PBXGroup;
			children = (
				2E8CD7C2214B4C4000174696 /* NewsViewController.swift */,
			);
			path = news;
			sourceTree = "<group>";
		};
		2EE1FD18219701E0008D2E84 /* Firebase */ = {
			isa = PBXGroup;
			children = (
				2EE1FD1A219701EE008D2E84 /* prod */,
				2EE1FD19219701E6008D2E84 /* test */,
			);
			path = Firebase;
			sourceTree = "<group>";
		};
		2EE1FD19219701E6008D2E84 /* test */ = {
			isa = PBXGroup;
			children = (
				2EE1FD1B219701F8008D2E84 /* GoogleService-Info.plist */,
			);
			path = test;
			sourceTree = "<group>";
		};
		2EE1FD1A219701EE008D2E84 /* prod */ = {
			isa = PBXGroup;
			children = (
				2E5F0AF3218D115900296FF1 /* GoogleService-Info.plist */,
			);
			path = prod;
			sourceTree = "<group>";
		};
		5802BFAEA07C4D0201798915 /* Pods */ = {
			isa = PBXGroup;
			children = (
				E9CE0242D9F86234592003FE /* Pods-DoctorEnCasa-iOS.debug.xcconfig */,
				5604B001F5FA1F737A1D47F6 /* Pods-DoctorEnCasa-iOS.release.xcconfig */,
				04744AC03D6B3E7A8A19748B /* Pods-DoctorEnCasa-iOS-Test.debug.xcconfig */,
				20216E6EE83C687E01E17365 /* Pods-DoctorEnCasa-iOS-Test.release.xcconfig */,
			);
			name = Pods;
			sourceTree = "<group>";
		};
		F6D3BAC933EE69C30F4A83EF /* Frameworks */ = {
			isa = PBXGroup;
			children = (
				6CBB3C4CFD85B38B17DD2D33 /* Pods_DoctorEnCasa_iOS.framework */,
				7FA3B518E0ED82E77CDFCABD /* Pods_DoctorEnCasa_iOS_Test.framework */,
			);
			name = Frameworks;
			sourceTree = "<group>";
		};
		FB1D661F2071E98400423942 /* medicalRecord */ = {
			isa = PBXGroup;
			children = (
				FB1D661B2071E6F100423942 /* MedicalRecordTableViewCell.swift */,
				FB1D661D2071E95900423942 /* MedicalRecordTableViewController.swift */,
				FB1D66202072ACCF00423942 /* MedicalRecordDetailViewController.swift */,
			);
			path = medicalRecord;
			sourceTree = "<group>";
		};
		FBCD572D2102BD39008BECC1 /* login */ = {
			isa = PBXGroup;
			children = (
				FBF33088204A5E91009DABDD /* LoginViewController.swift */,
				2E8CD7B621377F6A00174696 /* ForgotPasswordViewController.swift */,
			);
			path = login;
			sourceTree = "<group>";
		};
		FBE3164120CC72030041B57E /* domain */ = {
			isa = PBXGroup;
			children = (
				FB4F5FEF207088D10011BBD4 /* Credential.swift */,
				FB1D66192071DF8F00423942 /* MedicalRecord.swift */,
				FB173A1820CE1AF40048F642 /* Reason.swift */,
				FB173A1A20CE1BB50048F642 /* Videocall.swift */,
				FB4F072220CE202900A23FF9 /* Affiliate.swift */,
				FB4F072420CE213F00A23FF9 /* Provider.swift */,
				FB4F072620CE21AB00A23FF9 /* Doctor.swift */,
				FBE71F9E21080E0A006D3540 /* UserInfo.swift */,
				2E3C05382159D6A600C7A225 /* AffiliateCallHistory.swift */,
				2E3C053A2159D97200C7A225 /* Queue.swift */,
				2E5F0AF9218FE56C00296FF1 /* VideocallRank.swift */,
				2EE1FD1E2197D6B7008D2E84 /* AffiliateFilter.swift */,
			);
			path = domain;
			sourceTree = "<group>";
		};
		FBE3164220CC72430041B57E /* util */ = {
			isa = PBXGroup;
			children = (
				FBE3164320CC725D0041B57E /* Constant.swift */,
				FB4F072820D0A4D400A23FF9 /* Util.swift */,
				2E8CD7B22134DF8B00174696 /* NavigationUtil.swift */,
				2EE1FD202198B218008D2E84 /* UIViewController+Loading.swift */,
				2E4BE5D621D469FD00507D93 /* SessionUtil.swift */,
			);
			path = util;
			sourceTree = "<group>";
		};
		FBF3307A204A5E91009DABDD = {
			isa = PBXGroup;
			children = (
				2ED5D5CF21894BB300CB0C9B /* Podfile */,
				FBF33085204A5E91009DABDD /* DoctorEnCasa-iOS */,
				FBF33084204A5E91009DABDD /* Products */,
				5802BFAEA07C4D0201798915 /* Pods */,
				F6D3BAC933EE69C30F4A83EF /* Frameworks */,
				2E69123A21C056C800244BF2 /* DoctorEnCasa-iOS-Test.plist */,
			);
			sourceTree = "<group>";
		};
		FBF33084204A5E91009DABDD /* Products */ = {
			isa = PBXGroup;
			children = (
				FBF33083204A5E91009DABDD /* DoctorEnCasa-iOS.app */,
				2E69123921C056C800244BF2 /* DoctorEnCasa-iOS-Test.app */,
			);
			name = Products;
			sourceTree = "<group>";
		};
		FBF33085204A5E91009DABDD /* DoctorEnCasa-iOS */ = {
			isa = PBXGroup;
			children = (
				2EE1FD18219701E0008D2E84 /* Firebase */,
				2EE1FCE32193ECE6008D2E84 /* DoctorEnCasa-iOS.entitlements */,
				2E3C05352159D2B000C7A225 /* videocall */,
				2E3C052E214E076000C7A225 /* settings */,
				2E8CD7C1214B4BEF00174696 /* news */,
				2E8CD7BA213B8EB400174696 /* createAccount */,
				FBCD572D2102BD39008BECC1 /* login */,
				FBE3164220CC72430041B57E /* util */,
				FBE3164120CC72030041B57E /* domain */,
				FB1D661F2071E98400423942 /* medicalRecord */,
				FBF33086204A5E91009DABDD /* AppDelegate.swift */,
				FBF3308A204A5E91009DABDD /* Main.storyboard */,
				FBF3308D204A5E91009DABDD /* Assets.xcassets */,
				FBF3308F204A5E91009DABDD /* LaunchScreen.storyboard */,
				FBF33092204A5E91009DABDD /* Info.plist */,
				2E8CD7B4213632CC00174696 /* Login.storyboard */,
				2E8CD7B8213B8B0E00174696 /* CreateAccount.storyboard */,
			);
			path = "DoctorEnCasa-iOS";
			sourceTree = "<group>";
		};
/* End PBXGroup section */

/* Begin PBXNativeTarget section */
		2E69120721C056C800244BF2 /* DoctorEnCasa-iOS-Test */ = {
			isa = PBXNativeTarget;
			buildConfigurationList = 2E69123621C056C800244BF2 /* Build configuration list for PBXNativeTarget "DoctorEnCasa-iOS-Test" */;
			buildPhases = (
				2E69120821C056C800244BF2 /* [CP] Check Pods Manifest.lock */,
				2E69120921C056C800244BF2 /* Sources */,
				2E69122A21C056C800244BF2 /* Frameworks */,
				2E69122D21C056C800244BF2 /* Resources */,
				2E69123521C056C800244BF2 /* [CP] Embed Pods Frameworks */,
			);
			buildRules = (
			);
			dependencies = (
			);
			name = "DoctorEnCasa-iOS-Test";
			productName = "DoctorEnCasa-iOS";
			productReference = 2E69123921C056C800244BF2 /* DoctorEnCasa-iOS-Test.app */;
			productType = "com.apple.product-type.application";
		};
		FBF33082204A5E91009DABDD /* DoctorEnCasa-iOS */ = {
			isa = PBXNativeTarget;
			buildConfigurationList = FBF33095204A5E91009DABDD /* Build configuration list for PBXNativeTarget "DoctorEnCasa-iOS" */;
			buildPhases = (
				64D60DBF03509190A75268E7 /* [CP] Check Pods Manifest.lock */,
				FBF3307F204A5E91009DABDD /* Sources */,
				FBF33080204A5E91009DABDD /* Frameworks */,
				FBF33081204A5E91009DABDD /* Resources */,
				DD6B67CC627440C268FD7226 /* [CP] Embed Pods Frameworks */,
			);
			buildRules = (
			);
			dependencies = (
			);
			name = "DoctorEnCasa-iOS";
			productName = "DoctorEnCasa-iOS";
			productReference = FBF33083204A5E91009DABDD /* DoctorEnCasa-iOS.app */;
			productType = "com.apple.product-type.application";
		};
/* End PBXNativeTarget section */

/* Begin PBXProject section */
		FBF3307B204A5E91009DABDD /* Project object */ = {
			isa = PBXProject;
			attributes = {
				LastSwiftUpdateCheck = 0920;
				LastUpgradeCheck = 0940;
				ORGANIZATIONNAME = Agustin;
				TargetAttributes = {
					2E69120721C056C800244BF2 = {
						ProvisioningStyle = Automatic;
					};
					FBF33082204A5E91009DABDD = {
						CreatedOnToolsVersion = 9.2;
						ProvisioningStyle = Automatic;
						SystemCapabilities = {
							com.apple.BackgroundModes = {
								enabled = 1;
							};
							com.apple.Push = {
								enabled = 1;
							};
						};
					};
				};
			};
			buildConfigurationList = FBF3307E204A5E91009DABDD /* Build configuration list for PBXProject "DoctorEnCasa-iOS" */;
			compatibilityVersion = "Xcode 8.0";
			developmentRegion = en;
			hasScannedForEncodings = 0;
			knownRegions = (
				en,
				Base,
			);
			mainGroup = FBF3307A204A5E91009DABDD;
			productRefGroup = FBF33084204A5E91009DABDD /* Products */;
			projectDirPath = "";
			projectRoot = "";
			targets = (
				FBF33082204A5E91009DABDD /* DoctorEnCasa-iOS */,
				2E69120721C056C800244BF2 /* DoctorEnCasa-iOS-Test */,
			);
		};
/* End PBXProject section */

/* Begin PBXResourcesBuildPhase section */
		2E69122D21C056C800244BF2 /* Resources */ = {
			isa = PBXResourcesBuildPhase;
			buildActionMask = 2147483647;
			files = (
				2E69123B21C14FB700244BF2 /* GoogleService-Info.plist in Resources */,
				2E69122F21C056C800244BF2 /* Podfile in Resources */,
				2E69123021C056C800244BF2 /* Login.storyboard in Resources */,
				2E69123121C056C800244BF2 /* LaunchScreen.storyboard in Resources */,
				2E69123221C056C800244BF2 /* CreateAccount.storyboard in Resources */,
				2E69123321C056C800244BF2 /* Assets.xcassets in Resources */,
				2E69123421C056C800244BF2 /* Main.storyboard in Resources */,
			);
			runOnlyForDeploymentPostprocessing = 0;
		};
		FBF33081204A5E91009DABDD /* Resources */ = {
			isa = PBXResourcesBuildPhase;
			buildActionMask = 2147483647;
			files = (
				2EE1FD1C2197022E008D2E84 /* GoogleService-Info.plist in Resources */,
				2ED5D5D021894BB300CB0C9B /* Podfile in Resources */,
				2E8CD7B5213632CC00174696 /* Login.storyboard in Resources */,
				FBF33091204A5E91009DABDD /* LaunchScreen.storyboard in Resources */,
				2E8CD7B9213B8B0E00174696 /* CreateAccount.storyboard in Resources */,
				FBF3308E204A5E91009DABDD /* Assets.xcassets in Resources */,
				FBF3308C204A5E91009DABDD /* Main.storyboard in Resources */,
			);
			runOnlyForDeploymentPostprocessing = 0;
		};
/* End PBXResourcesBuildPhase section */

/* Begin PBXShellScriptBuildPhase section */
		2E69120821C056C800244BF2 /* [CP] Check Pods Manifest.lock */ = {
			isa = PBXShellScriptBuildPhase;
			buildActionMask = 2147483647;
			files = (
			);
			inputFileListPaths = (
			);
			inputPaths = (
				"${PODS_PODFILE_DIR_PATH}/Podfile.lock",
				"${PODS_ROOT}/Manifest.lock",
			);
			name = "[CP] Check Pods Manifest.lock";
			outputFileListPaths = (
			);
			outputPaths = (
				"$(DERIVED_FILE_DIR)/Pods-DoctorEnCasa-iOS-checkManifestLockResult.txt",
			);
			runOnlyForDeploymentPostprocessing = 0;
			shellPath = /bin/sh;
			shellScript = "diff \"${PODS_PODFILE_DIR_PATH}/Podfile.lock\" \"${PODS_ROOT}/Manifest.lock\" > /dev/null\nif [ $? != 0 ] ; then\n    # print error to STDERR\n    echo \"error: The sandbox is not in sync with the Podfile.lock. Run 'pod install' or update your CocoaPods installation.\" >&2\n    exit 1\nfi\n# This output is used by Xcode 'outputs' to avoid re-running this script phase.\necho \"SUCCESS\" > \"${SCRIPT_OUTPUT_FILE_0}\"\n";
			showEnvVarsInLog = 0;
		};
		2E69123521C056C800244BF2 /* [CP] Embed Pods Frameworks */ = {
			isa = PBXShellScriptBuildPhase;
			buildActionMask = 2147483647;
			files = (
			);
			inputFileListPaths = (
			);
			inputPaths = (
				"${SRCROOT}/Pods/Target Support Files/Pods-DoctorEnCasa-iOS/Pods-DoctorEnCasa-iOS-frameworks.sh",
				"${BUILT_PRODUCTS_DIR}/Cosmos/Cosmos.framework",
				"${BUILT_PRODUCTS_DIR}/GoogleUtilities/GoogleUtilities.framework",
				"${BUILT_PRODUCTS_DIR}/Protobuf/Protobuf.framework",
				"${PODS_ROOT}/TwilioVideo/Build/iOS/TwilioVideo.framework",
				"${BUILT_PRODUCTS_DIR}/nanopb/nanopb.framework",
				"${BUILT_PRODUCTS_DIR}/FirebaseCore/FirebaseCore.framework",
			);
			name = "[CP] Embed Pods Frameworks";
			outputFileListPaths = (
			);
			outputPaths = (
				"${TARGET_BUILD_DIR}/${FRAMEWORKS_FOLDER_PATH}/Cosmos.framework",
				"${TARGET_BUILD_DIR}/${FRAMEWORKS_FOLDER_PATH}/GoogleUtilities.framework",
				"${TARGET_BUILD_DIR}/${FRAMEWORKS_FOLDER_PATH}/Protobuf.framework",
				"${TARGET_BUILD_DIR}/${FRAMEWORKS_FOLDER_PATH}/TwilioVideo.framework",
				"${TARGET_BUILD_DIR}/${FRAMEWORKS_FOLDER_PATH}/nanopb.framework",
			);
			runOnlyForDeploymentPostprocessing = 0;
			shellPath = /bin/sh;
			shellScript = "\"${SRCROOT}/Pods/Target Support Files/Pods-DoctorEnCasa-iOS/Pods-DoctorEnCasa-iOS-frameworks.sh\"\n";
			showEnvVarsInLog = 0;
		};
		64D60DBF03509190A75268E7 /* [CP] Check Pods Manifest.lock */ = {
			isa = PBXShellScriptBuildPhase;
			buildActionMask = 2147483647;
			files = (
			);
			inputFileListPaths = (
			);
			inputPaths = (
				"${PODS_PODFILE_DIR_PATH}/Podfile.lock",
				"${PODS_ROOT}/Manifest.lock",
			);
			name = "[CP] Check Pods Manifest.lock";
			outputFileListPaths = (
			);
			outputPaths = (
				"$(DERIVED_FILE_DIR)/Pods-DoctorEnCasa-iOS-checkManifestLockResult.txt",
			);
			runOnlyForDeploymentPostprocessing = 0;
			shellPath = /bin/sh;
			shellScript = "diff \"${PODS_PODFILE_DIR_PATH}/Podfile.lock\" \"${PODS_ROOT}/Manifest.lock\" > /dev/null\nif [ $? != 0 ] ; then\n    # print error to STDERR\n    echo \"error: The sandbox is not in sync with the Podfile.lock. Run 'pod install' or update your CocoaPods installation.\" >&2\n    exit 1\nfi\n# This output is used by Xcode 'outputs' to avoid re-running this script phase.\necho \"SUCCESS\" > \"${SCRIPT_OUTPUT_FILE_0}\"\n";
			showEnvVarsInLog = 0;
		};
		DD6B67CC627440C268FD7226 /* [CP] Embed Pods Frameworks */ = {
			isa = PBXShellScriptBuildPhase;
			buildActionMask = 2147483647;
			files = (
			);
			inputFileListPaths = (
			);
			inputPaths = (
				"${SRCROOT}/Pods/Target Support Files/Pods-DoctorEnCasa-iOS/Pods-DoctorEnCasa-iOS-frameworks.sh",
				"${BUILT_PRODUCTS_DIR}/Cosmos/Cosmos.framework",
				"${BUILT_PRODUCTS_DIR}/GoogleUtilities/GoogleUtilities.framework",
				"${BUILT_PRODUCTS_DIR}/Protobuf/Protobuf.framework",
				"${PODS_ROOT}/TwilioVideo/Build/iOS/TwilioVideo.framework",
				"${BUILT_PRODUCTS_DIR}/nanopb/nanopb.framework",
			);
			name = "[CP] Embed Pods Frameworks";
			outputFileListPaths = (
			);
			outputPaths = (
				"${TARGET_BUILD_DIR}/${FRAMEWORKS_FOLDER_PATH}/Cosmos.framework",
				"${TARGET_BUILD_DIR}/${FRAMEWORKS_FOLDER_PATH}/GoogleUtilities.framework",
				"${TARGET_BUILD_DIR}/${FRAMEWORKS_FOLDER_PATH}/Protobuf.framework",
				"${TARGET_BUILD_DIR}/${FRAMEWORKS_FOLDER_PATH}/TwilioVideo.framework",
				"${TARGET_BUILD_DIR}/${FRAMEWORKS_FOLDER_PATH}/nanopb.framework",
			);
			runOnlyForDeploymentPostprocessing = 0;
			shellPath = /bin/sh;
			shellScript = "\"${SRCROOT}/Pods/Target Support Files/Pods-DoctorEnCasa-iOS/Pods-DoctorEnCasa-iOS-frameworks.sh\"\n";
			showEnvVarsInLog = 0;
		};
/* End PBXShellScriptBuildPhase section */

/* Begin PBXSourcesBuildPhase section */
		2E69120921C056C800244BF2 /* Sources */ = {
			isa = PBXSourcesBuildPhase;
			buildActionMask = 2147483647;
			files = (
				2E69120A21C056C800244BF2 /* AffiliateCallHistory.swift in Sources */,
				2E69120B21C056C800244BF2 /* CreateAccountViewController.swift in Sources */,
				2E69120C21C056C800244BF2 /* MedicalRecordTableViewController.swift in Sources */,
				2E69120D21C056C800244BF2 /* VideocallRank.swift in Sources */,
				2E69120E21C056C800244BF2 /* Videocall.swift in Sources */,
				2E69120F21C056C800244BF2 /* RankCallViewController.swift in Sources */,
				2E69121021C056C800244BF2 /* VideocallViewController.swift in Sources */,
				2E69121121C056C800244BF2 /* TermsAndConditionsViewController.swift in Sources */,
				2E69121221C056C800244BF2 /* LoginViewController.swift in Sources */,
				2E69121321C056C800244BF2 /* SelectProviderViewController.swift in Sources */,
				2E69121421C056C800244BF2 /* Constant.swift in Sources */,
				2E69121521C056C800244BF2 /* UserInfo.swift in Sources */,
				2E69121621C056C800244BF2 /* Credential.swift in Sources */,
				2E69121721C056C800244BF2 /* ChangePasswordViewController.swift in Sources */,
				2E69121821C056C800244BF2 /* Doctor.swift in Sources */,
				2E4BE5D821D469FD00507D93 /* SessionUtil.swift in Sources */,
				2E69121921C056C800244BF2 /* Util.swift in Sources */,
				2E69121A21C056C800244BF2 /* AffiliateFilter.swift in Sources */,
				2E69121B21C056C800244BF2 /* MedicalRecordDetailViewController.swift in Sources */,
				2E69121C21C056C800244BF2 /* MedicalRecord.swift in Sources */,
				2E69121D21C056C800244BF2 /* Queue.swift in Sources */,
				2E69121E21C056C800244BF2 /* MedicalRecordTableViewCell.swift in Sources */,
				2E69121F21C056C800244BF2 /* SettingsViewController.swift in Sources */,
				2E69122021C056C800244BF2 /* Provider.swift in Sources */,
				2E69122121C056C800244BF2 /* AppDelegate.swift in Sources */,
				2E69122221C056C800244BF2 /* ProviderTableViewCell.swift in Sources */,
				2E69122321C056C800244BF2 /* ForgotPasswordViewController.swift in Sources */,
				2E69122421C056C800244BF2 /* NewCallViewController.swift in Sources */,
				2E69122521C056C800244BF2 /* Reason.swift in Sources */,
				2E69122621C056C800244BF2 /* NewsViewController.swift in Sources */,
				2E69122721C056C800244BF2 /* Affiliate.swift in Sources */,
				2E69122821C056C800244BF2 /* NavigationUtil.swift in Sources */,
				2E69122921C056C800244BF2 /* UIViewController+Loading.swift in Sources */,
			);
			runOnlyForDeploymentPostprocessing = 0;
		};
		FBF3307F204A5E91009DABDD /* Sources */ = {
			isa = PBXSourcesBuildPhase;
			buildActionMask = 2147483647;
			files = (
				2E3C05392159D6A600C7A225 /* AffiliateCallHistory.swift in Sources */,
				2E8CD7C0213C8D0700174696 /* CreateAccountViewController.swift in Sources */,
				FB1D661E2071E95900423942 /* MedicalRecordTableViewController.swift in Sources */,
				2E5F0AFA218FE56C00296FF1 /* VideocallRank.swift in Sources */,
				FB173A1B20CE1BB50048F642 /* Videocall.swift in Sources */,
				2E5F0AF8218FB37F00296FF1 /* RankCallViewController.swift in Sources */,
				2E3C05372159D2C100C7A225 /* VideocallViewController.swift in Sources */,
				2E3C05322156FFC100C7A225 /* TermsAndConditionsViewController.swift in Sources */,
				FBF33089204A5E91009DABDD /* LoginViewController.swift in Sources */,
				2E8CD7BE213B91D100174696 /* SelectProviderViewController.swift in Sources */,
				FBE3164420CC725D0041B57E /* Constant.swift in Sources */,
				FBE71F9F21080E0A006D3540 /* UserInfo.swift in Sources */,
				FB4F5FF0207088D10011BBD4 /* Credential.swift in Sources */,
				2E3C0534215884C900C7A225 /* ChangePasswordViewController.swift in Sources */,
				FB4F072720CE21AB00A23FF9 /* Doctor.swift in Sources */,
				2E4BE5D721D469FD00507D93 /* SessionUtil.swift in Sources */,
				FB4F072920D0A4D400A23FF9 /* Util.swift in Sources */,
				2EE1FD1F2197D6B7008D2E84 /* AffiliateFilter.swift in Sources */,
				FB1D66212072ACCF00423942 /* MedicalRecordDetailViewController.swift in Sources */,
				FB1D661A2071DF8F00423942 /* MedicalRecord.swift in Sources */,
				2E3C053B2159D97200C7A225 /* Queue.swift in Sources */,
				FB1D661C2071E6F100423942 /* MedicalRecordTableViewCell.swift in Sources */,
				2E3C0530214E077A00C7A225 /* SettingsViewController.swift in Sources */,
				FB4F072520CE213F00A23FF9 /* Provider.swift in Sources */,
				FBF33087204A5E91009DABDD /* AppDelegate.swift in Sources */,
				2E8CD7BC213B8EE500174696 /* ProviderTableViewCell.swift in Sources */,
				2E8CD7B721377F6A00174696 /* ForgotPasswordViewController.swift in Sources */,
				2EB18C53218A5DED0029DB0A /* NewCallViewController.swift in Sources */,
				FB173A1920CE1AF40048F642 /* Reason.swift in Sources */,
				2E8CD7C3214B4C4000174696 /* NewsViewController.swift in Sources */,
				FB4F072320CE202900A23FF9 /* Affiliate.swift in Sources */,
				2E8CD7B32134DF8B00174696 /* NavigationUtil.swift in Sources */,
				2EE1FD212198B218008D2E84 /* UIViewController+Loading.swift in Sources */,
			);
			runOnlyForDeploymentPostprocessing = 0;
		};
/* End PBXSourcesBuildPhase section */

/* Begin PBXVariantGroup section */
		FBF3308A204A5E91009DABDD /* Main.storyboard */ = {
			isa = PBXVariantGroup;
			children = (
				FBF3308B204A5E91009DABDD /* Base */,
			);
			name = Main.storyboard;
			sourceTree = "<group>";
		};
		FBF3308F204A5E91009DABDD /* LaunchScreen.storyboard */ = {
			isa = PBXVariantGroup;
			children = (
				FBF33090204A5E91009DABDD /* Base */,
			);
			name = LaunchScreen.storyboard;
			sourceTree = "<group>";
		};
/* End PBXVariantGroup section */

/* Begin XCBuildConfiguration section */
		2E69123721C056C800244BF2 /* Debug */ = {
			isa = XCBuildConfiguration;
			baseConfigurationReference = E9CE0242D9F86234592003FE /* Pods-DoctorEnCasa-iOS.debug.xcconfig */;
			buildSettings = {
				ASSETCATALOG_COMPILER_APPICON_NAME = AppIcon;
				CODE_SIGN_ENTITLEMENTS = "DoctorEnCasa-iOS/DoctorEnCasa-iOS.entitlements";
				CODE_SIGN_IDENTITY = "iPhone Developer";
				CODE_SIGN_STYLE = Automatic;
				DEVELOPMENT_TEAM = L5P4M56776;
				INFOPLIST_FILE = "DoctorEnCasa-iOS-Test.plist";
				IPHONEOS_DEPLOYMENT_TARGET = 11.4;
				LD_RUNPATH_SEARCH_PATHS = "$(inherited) @executable_path/Frameworks";
				PRODUCT_BUNDLE_IDENTIFIER = com.ucmq.doctorencasa;
				PRODUCT_NAME = "$(TARGET_NAME)";
				PROVISIONING_PROFILE_SPECIFIER = "";
				SWIFT_VERSION = 4.0;
				TARGETED_DEVICE_FAMILY = 1;
			};
			name = Debug;
		};
		2E69123821C056C800244BF2 /* Release */ = {
			isa = XCBuildConfiguration;
			baseConfigurationReference = 5604B001F5FA1F737A1D47F6 /* Pods-DoctorEnCasa-iOS.release.xcconfig */;
			buildSettings = {
				ASSETCATALOG_COMPILER_APPICON_NAME = AppIcon;
				CODE_SIGN_ENTITLEMENTS = "DoctorEnCasa-iOS/DoctorEnCasa-iOS.entitlements";
				CODE_SIGN_IDENTITY = "iPhone Developer";
				CODE_SIGN_STYLE = Automatic;
				DEVELOPMENT_TEAM = L5P4M56776;
				INFOPLIST_FILE = "DoctorEnCasa-iOS-Test.plist";
				IPHONEOS_DEPLOYMENT_TARGET = 11.4;
				LD_RUNPATH_SEARCH_PATHS = "$(inherited) @executable_path/Frameworks";
				PRODUCT_BUNDLE_IDENTIFIER = com.ucmq.doctorencasa;
				PRODUCT_NAME = "$(TARGET_NAME)";
				PROVISIONING_PROFILE_SPECIFIER = "";
				SWIFT_VERSION = 4.0;
				TARGETED_DEVICE_FAMILY = 1;
			};
			name = Release;
		};
		FBF33093204A5E91009DABDD /* Debug */ = {
			isa = XCBuildConfiguration;
			buildSettings = {
				ALWAYS_SEARCH_USER_PATHS = NO;
				CLANG_ANALYZER_NONNULL = YES;
				CLANG_ANALYZER_NUMBER_OBJECT_CONVERSION = YES_AGGRESSIVE;
				CLANG_CXX_LANGUAGE_STANDARD = "gnu++14";
				CLANG_CXX_LIBRARY = "libc++";
				CLANG_ENABLE_MODULES = YES;
				CLANG_ENABLE_OBJC_ARC = YES;
				CLANG_WARN_BLOCK_CAPTURE_AUTORELEASING = YES;
				CLANG_WARN_BOOL_CONVERSION = YES;
				CLANG_WARN_COMMA = YES;
				CLANG_WARN_CONSTANT_CONVERSION = YES;
				CLANG_WARN_DEPRECATED_OBJC_IMPLEMENTATIONS = YES;
				CLANG_WARN_DIRECT_OBJC_ISA_USAGE = YES_ERROR;
				CLANG_WARN_DOCUMENTATION_COMMENTS = YES;
				CLANG_WARN_EMPTY_BODY = YES;
				CLANG_WARN_ENUM_CONVERSION = YES;
				CLANG_WARN_INFINITE_RECURSION = YES;
				CLANG_WARN_INT_CONVERSION = YES;
				CLANG_WARN_NON_LITERAL_NULL_CONVERSION = YES;
				CLANG_WARN_OBJC_IMPLICIT_RETAIN_SELF = YES;
				CLANG_WARN_OBJC_LITERAL_CONVERSION = YES;
				CLANG_WARN_OBJC_ROOT_CLASS = YES_ERROR;
				CLANG_WARN_RANGE_LOOP_ANALYSIS = YES;
				CLANG_WARN_STRICT_PROTOTYPES = YES;
				CLANG_WARN_SUSPICIOUS_MOVE = YES;
				CLANG_WARN_UNGUARDED_AVAILABILITY = YES_AGGRESSIVE;
				CLANG_WARN_UNREACHABLE_CODE = YES;
				CLANG_WARN__DUPLICATE_METHOD_MATCH = YES;
				CODE_SIGN_IDENTITY = "iPhone Developer";
				COPY_PHASE_STRIP = NO;
				DEBUG_INFORMATION_FORMAT = dwarf;
				ENABLE_STRICT_OBJC_MSGSEND = YES;
				ENABLE_TESTABILITY = YES;
				GCC_C_LANGUAGE_STANDARD = gnu11;
				GCC_DYNAMIC_NO_PIC = NO;
				GCC_NO_COMMON_BLOCKS = YES;
				GCC_OPTIMIZATION_LEVEL = 0;
				GCC_PREPROCESSOR_DEFINITIONS = (
					"DEBUG=1",
					"$(inherited)",
				);
				GCC_WARN_64_TO_32_BIT_CONVERSION = YES;
				GCC_WARN_ABOUT_RETURN_TYPE = YES_ERROR;
				GCC_WARN_UNDECLARED_SELECTOR = YES;
				GCC_WARN_UNINITIALIZED_AUTOS = YES_AGGRESSIVE;
				GCC_WARN_UNUSED_FUNCTION = YES;
				GCC_WARN_UNUSED_VARIABLE = YES;
				IPHONEOS_DEPLOYMENT_TARGET = 11.2;
				MTL_ENABLE_DEBUG_INFO = YES;
				ONLY_ACTIVE_ARCH = YES;
				SDKROOT = iphoneos;
				SWIFT_ACTIVE_COMPILATION_CONDITIONS = DEBUG;
				SWIFT_OPTIMIZATION_LEVEL = "-Onone";
			};
			name = Debug;
		};
		FBF33094204A5E91009DABDD /* Release */ = {
			isa = XCBuildConfiguration;
			buildSettings = {
				ALWAYS_SEARCH_USER_PATHS = NO;
				CLANG_ANALYZER_NONNULL = YES;
				CLANG_ANALYZER_NUMBER_OBJECT_CONVERSION = YES_AGGRESSIVE;
				CLANG_CXX_LANGUAGE_STANDARD = "gnu++14";
				CLANG_CXX_LIBRARY = "libc++";
				CLANG_ENABLE_MODULES = YES;
				CLANG_ENABLE_OBJC_ARC = YES;
				CLANG_WARN_BLOCK_CAPTURE_AUTORELEASING = YES;
				CLANG_WARN_BOOL_CONVERSION = YES;
				CLANG_WARN_COMMA = YES;
				CLANG_WARN_CONSTANT_CONVERSION = YES;
				CLANG_WARN_DEPRECATED_OBJC_IMPLEMENTATIONS = YES;
				CLANG_WARN_DIRECT_OBJC_ISA_USAGE = YES_ERROR;
				CLANG_WARN_DOCUMENTATION_COMMENTS = YES;
				CLANG_WARN_EMPTY_BODY = YES;
				CLANG_WARN_ENUM_CONVERSION = YES;
				CLANG_WARN_INFINITE_RECURSION = YES;
				CLANG_WARN_INT_CONVERSION = YES;
				CLANG_WARN_NON_LITERAL_NULL_CONVERSION = YES;
				CLANG_WARN_OBJC_IMPLICIT_RETAIN_SELF = YES;
				CLANG_WARN_OBJC_LITERAL_CONVERSION = YES;
				CLANG_WARN_OBJC_ROOT_CLASS = YES_ERROR;
				CLANG_WARN_RANGE_LOOP_ANALYSIS = YES;
				CLANG_WARN_STRICT_PROTOTYPES = YES;
				CLANG_WARN_SUSPICIOUS_MOVE = YES;
				CLANG_WARN_UNGUARDED_AVAILABILITY = YES_AGGRESSIVE;
				CLANG_WARN_UNREACHABLE_CODE = YES;
				CLANG_WARN__DUPLICATE_METHOD_MATCH = YES;
				CODE_SIGN_IDENTITY = "iPhone Developer";
				COPY_PHASE_STRIP = NO;
				DEBUG_INFORMATION_FORMAT = "dwarf-with-dsym";
				ENABLE_NS_ASSERTIONS = NO;
				ENABLE_STRICT_OBJC_MSGSEND = YES;
				GCC_C_LANGUAGE_STANDARD = gnu11;
				GCC_NO_COMMON_BLOCKS = YES;
				GCC_WARN_64_TO_32_BIT_CONVERSION = YES;
				GCC_WARN_ABOUT_RETURN_TYPE = YES_ERROR;
				GCC_WARN_UNDECLARED_SELECTOR = YES;
				GCC_WARN_UNINITIALIZED_AUTOS = YES_AGGRESSIVE;
				GCC_WARN_UNUSED_FUNCTION = YES;
				GCC_WARN_UNUSED_VARIABLE = YES;
				IPHONEOS_DEPLOYMENT_TARGET = 11.2;
				MTL_ENABLE_DEBUG_INFO = NO;
				SDKROOT = iphoneos;
				SWIFT_OPTIMIZATION_LEVEL = "-Owholemodule";
				VALIDATE_PRODUCT = YES;
			};
			name = Release;
		};
		FBF33096204A5E91009DABDD /* Debug */ = {
			isa = XCBuildConfiguration;
			baseConfigurationReference = E9CE0242D9F86234592003FE /* Pods-DoctorEnCasa-iOS.debug.xcconfig */;
			buildSettings = {
				ASSETCATALOG_COMPILER_APPICON_NAME = AppIcon;
				CODE_SIGN_ENTITLEMENTS = "DoctorEnCasa-iOS/DoctorEnCasa-iOS.entitlements";
				CODE_SIGN_IDENTITY = "iPhone Developer";
				CODE_SIGN_STYLE = Automatic;
				DEVELOPMENT_TEAM = L5P4M56776;
				INFOPLIST_FILE = "DoctorEnCasa-iOS/Info.plist";
				IPHONEOS_DEPLOYMENT_TARGET = 11.4;
				LD_RUNPATH_SEARCH_PATHS = "$(inherited) @executable_path/Frameworks";
				PRODUCT_BUNDLE_IDENTIFIER = com.ucmq.doctorencasa;
				PRODUCT_NAME = "$(TARGET_NAME)";
				PROVISIONING_PROFILE_SPECIFIER = "";
				SWIFT_VERSION = 4.0;
				TARGETED_DEVICE_FAMILY = 1;
			};
			name = Debug;
		};
		FBF33097204A5E91009DABDD /* Release */ = {
			isa = XCBuildConfiguration;
			baseConfigurationReference = 5604B001F5FA1F737A1D47F6 /* Pods-DoctorEnCasa-iOS.release.xcconfig */;
			buildSettings = {
				ASSETCATALOG_COMPILER_APPICON_NAME = AppIcon;
				CODE_SIGN_ENTITLEMENTS = "DoctorEnCasa-iOS/DoctorEnCasa-iOS.entitlements";
				CODE_SIGN_IDENTITY = "iPhone Developer";
				CODE_SIGN_STYLE = Automatic;
				DEVELOPMENT_TEAM = L5P4M56776;
				INFOPLIST_FILE = "DoctorEnCasa-iOS/Info.plist";
				IPHONEOS_DEPLOYMENT_TARGET = 11.4;
				LD_RUNPATH_SEARCH_PATHS = "$(inherited) @executable_path/Frameworks";
				PRODUCT_BUNDLE_IDENTIFIER = com.ucmq.doctorencasa;
				PRODUCT_NAME = "$(TARGET_NAME)";
				PROVISIONING_PROFILE_SPECIFIER = "";
				SWIFT_VERSION = 4.0;
				TARGETED_DEVICE_FAMILY = 1;
			};
			name = Release;
		};
/* End XCBuildConfiguration section */

/* Begin XCConfigurationList section */
		2E69123621C056C800244BF2 /* Build configuration list for PBXNativeTarget "DoctorEnCasa-iOS-Test" */ = {
			isa = XCConfigurationList;
			buildConfigurations = (
				2E69123721C056C800244BF2 /* Debug */,
				2E69123821C056C800244BF2 /* Release */,
			);
			defaultConfigurationIsVisible = 0;
			defaultConfigurationName = Release;
		};
		FBF3307E204A5E91009DABDD /* Build configuration list for PBXProject "DoctorEnCasa-iOS" */ = {
			isa = XCConfigurationList;
			buildConfigurations = (
				FBF33093204A5E91009DABDD /* Debug */,
				FBF33094204A5E91009DABDD /* Release */,
			);
			defaultConfigurationIsVisible = 0;
			defaultConfigurationName = Release;
		};
		FBF33095204A5E91009DABDD /* Build configuration list for PBXNativeTarget "DoctorEnCasa-iOS" */ = {
			isa = XCConfigurationList;
			buildConfigurations = (
				FBF33096204A5E91009DABDD /* Debug */,
				FBF33097204A5E91009DABDD /* Release */,
			);
			defaultConfigurationIsVisible = 0;
			defaultConfigurationName = Release;
		};
/* End XCConfigurationList section */
	};
	rootObject = FBF3307B204A5E91009DABDD /* Project object */;
}
