// !$*UTF8*$!
{
	archiveVersion = 1;
	classes = {
	};
	objectVersion = 48;
	objects = {

/* Begin PBXBuildFile section */
		FB173A1920CE1AF40048F642 /* Reason.swift in Sources */ = {isa = PBXBuildFile; fileRef = FB173A1820CE1AF40048F642 /* Reason.swift */; };
		FB173A1B20CE1BB50048F642 /* Videocall.swift in Sources */ = {isa = PBXBuildFile; fileRef = FB173A1A20CE1BB50048F642 /* Videocall.swift */; };
		FB1D661A2071DF8F00423942 /* MedicalRecord.swift in Sources */ = {isa = PBXBuildFile; fileRef = FB1D66192071DF8F00423942 /* MedicalRecord.swift */; };
		FB1D661C2071E6F100423942 /* MedicalRecordTableViewCell.swift in Sources */ = {isa = PBXBuildFile; fileRef = FB1D661B2071E6F100423942 /* MedicalRecordTableViewCell.swift */; };
		FB1D661E2071E95900423942 /* MedicalRecordTableViewController.swift in Sources */ = {isa = PBXBuildFile; fileRef = FB1D661D2071E95900423942 /* MedicalRecordTableViewController.swift */; };
		FB1D66212072ACCF00423942 /* MedicalRecordDetailViewController.swift in Sources */ = {isa = PBXBuildFile; fileRef = FB1D66202072ACCF00423942 /* MedicalRecordDetailViewController.swift */; };
		FB2C43BE207712E00016F78F /* ApiClient.swift in Sources */ = {isa = PBXBuildFile; fileRef = FB2C43BD207712E00016F78F /* ApiClient.swift */; };
		FB4F072320CE202900A23FF9 /* Affiliate.swift in Sources */ = {isa = PBXBuildFile; fileRef = FB4F072220CE202900A23FF9 /* Affiliate.swift */; };
		FB4F072520CE213F00A23FF9 /* Provider.swift in Sources */ = {isa = PBXBuildFile; fileRef = FB4F072420CE213F00A23FF9 /* Provider.swift */; };
		FB4F072720CE21AB00A23FF9 /* Doctor.swift in Sources */ = {isa = PBXBuildFile; fileRef = FB4F072620CE21AB00A23FF9 /* Doctor.swift */; };
		FB4F072920D0A4D400A23FF9 /* Util.swift in Sources */ = {isa = PBXBuildFile; fileRef = FB4F072820D0A4D400A23FF9 /* Util.swift */; };
		FB4F5FF0207088D10011BBD4 /* Credential.swift in Sources */ = {isa = PBXBuildFile; fileRef = FB4F5FEF207088D10011BBD4 /* Credential.swift */; };
		FB518CD0211BDEAC007772EE /* SplashViewController.swift in Sources */ = {isa = PBXBuildFile; fileRef = FB518CCF211BDEAC007772EE /* SplashViewController.swift */; };
		FBE3164420CC725D0041B57E /* Constant.swift in Sources */ = {isa = PBXBuildFile; fileRef = FBE3164320CC725D0041B57E /* Constant.swift */; };
		FBE71F9F21080E0A006D3540 /* UserInfo.swift in Sources */ = {isa = PBXBuildFile; fileRef = FBE71F9E21080E0A006D3540 /* UserInfo.swift */; };
		FBF33087204A5E91009DABDD /* AppDelegate.swift in Sources */ = {isa = PBXBuildFile; fileRef = FBF33086204A5E91009DABDD /* AppDelegate.swift */; };
		FBF33089204A5E91009DABDD /* LoginViewController.swift in Sources */ = {isa = PBXBuildFile; fileRef = FBF33088204A5E91009DABDD /* LoginViewController.swift */; };
		FBF3308C204A5E91009DABDD /* Main.storyboard in Resources */ = {isa = PBXBuildFile; fileRef = FBF3308A204A5E91009DABDD /* Main.storyboard */; };
		FBF3308E204A5E91009DABDD /* Assets.xcassets in Resources */ = {isa = PBXBuildFile; fileRef = FBF3308D204A5E91009DABDD /* Assets.xcassets */; };
		FBF33091204A5E91009DABDD /* LaunchScreen.storyboard in Resources */ = {isa = PBXBuildFile; fileRef = FBF3308F204A5E91009DABDD /* LaunchScreen.storyboard */; };
/* End PBXBuildFile section */

/* Begin PBXFileReference section */
		FB173A1820CE1AF40048F642 /* Reason.swift */ = {isa = PBXFileReference; lastKnownFileType = sourcecode.swift; path = Reason.swift; sourceTree = "<group>"; };
		FB173A1A20CE1BB50048F642 /* Videocall.swift */ = {isa = PBXFileReference; lastKnownFileType = sourcecode.swift; path = Videocall.swift; sourceTree = "<group>"; };
		FB1D66192071DF8F00423942 /* MedicalRecord.swift */ = {isa = PBXFileReference; lastKnownFileType = sourcecode.swift; path = MedicalRecord.swift; sourceTree = "<group>"; };
		FB1D661B2071E6F100423942 /* MedicalRecordTableViewCell.swift */ = {isa = PBXFileReference; lastKnownFileType = sourcecode.swift; path = MedicalRecordTableViewCell.swift; sourceTree = "<group>"; };
		FB1D661D2071E95900423942 /* MedicalRecordTableViewController.swift */ = {isa = PBXFileReference; lastKnownFileType = sourcecode.swift; path = MedicalRecordTableViewController.swift; sourceTree = "<group>"; };
		FB1D66202072ACCF00423942 /* MedicalRecordDetailViewController.swift */ = {isa = PBXFileReference; lastKnownFileType = sourcecode.swift; path = MedicalRecordDetailViewController.swift; sourceTree = "<group>"; };
		FB2C43BD207712E00016F78F /* ApiClient.swift */ = {isa = PBXFileReference; lastKnownFileType = sourcecode.swift; path = ApiClient.swift; sourceTree = "<group>"; };
		FB4F072220CE202900A23FF9 /* Affiliate.swift */ = {isa = PBXFileReference; lastKnownFileType = sourcecode.swift; path = Affiliate.swift; sourceTree = "<group>"; };
		FB4F072420CE213F00A23FF9 /* Provider.swift */ = {isa = PBXFileReference; lastKnownFileType = sourcecode.swift; path = Provider.swift; sourceTree = "<group>"; };
		FB4F072620CE21AB00A23FF9 /* Doctor.swift */ = {isa = PBXFileReference; lastKnownFileType = sourcecode.swift; path = Doctor.swift; sourceTree = "<group>"; };
		FB4F072820D0A4D400A23FF9 /* Util.swift */ = {isa = PBXFileReference; lastKnownFileType = sourcecode.swift; path = Util.swift; sourceTree = "<group>"; };
		FB4F5FEF207088D10011BBD4 /* Credential.swift */ = {isa = PBXFileReference; lastKnownFileType = sourcecode.swift; path = Credential.swift; sourceTree = "<group>"; };
		FB518CCF211BDEAC007772EE /* SplashViewController.swift */ = {isa = PBXFileReference; lastKnownFileType = sourcecode.swift; path = SplashViewController.swift; sourceTree = "<group>"; };
		FBE3164320CC725D0041B57E /* Constant.swift */ = {isa = PBXFileReference; lastKnownFileType = sourcecode.swift; path = Constant.swift; sourceTree = "<group>"; };
		FBE71F9E21080E0A006D3540 /* UserInfo.swift */ = {isa = PBXFileReference; lastKnownFileType = sourcecode.swift; path = UserInfo.swift; sourceTree = "<group>"; };
		FBF33083204A5E91009DABDD /* DoctorEnCasa-iOS.app */ = {isa = PBXFileReference; explicitFileType = wrapper.application; includeInIndex = 0; path = "DoctorEnCasa-iOS.app"; sourceTree = BUILT_PRODUCTS_DIR; };
		FBF33086204A5E91009DABDD /* AppDelegate.swift */ = {isa = PBXFileReference; lastKnownFileType = sourcecode.swift; path = AppDelegate.swift; sourceTree = "<group>"; };
		FBF33088204A5E91009DABDD /* LoginViewController.swift */ = {isa = PBXFileReference; lastKnownFileType = sourcecode.swift; path = LoginViewController.swift; sourceTree = "<group>"; };
		FBF3308B204A5E91009DABDD /* Base */ = {isa = PBXFileReference; lastKnownFileType = file.storyboard; name = Base; path = Base.lproj/Main.storyboard; sourceTree = "<group>"; };
		FBF3308D204A5E91009DABDD /* Assets.xcassets */ = {isa = PBXFileReference; lastKnownFileType = folder.assetcatalog; path = Assets.xcassets; sourceTree = "<group>"; };
		FBF33090204A5E91009DABDD /* Base */ = {isa = PBXFileReference; lastKnownFileType = file.storyboard; name = Base; path = Base.lproj/LaunchScreen.storyboard; sourceTree = "<group>"; };
		FBF33092204A5E91009DABDD /* Info.plist */ = {isa = PBXFileReference; lastKnownFileType = text.plist.xml; path = Info.plist; sourceTree = "<group>"; };
/* End PBXFileReference section */

/* Begin PBXFrameworksBuildPhase section */
		FBF33080204A5E91009DABDD /* Frameworks */ = {
			isa = PBXFrameworksBuildPhase;
			buildActionMask = 2147483647;
			files = (
			);
			runOnlyForDeploymentPostprocessing = 0;
		};
/* End PBXFrameworksBuildPhase section */

/* Begin PBXGroup section */
		FB1D661F2071E98400423942 /* medicalRecord */ = {
			isa = PBXGroup;
			children = (
				FB1D661B2071E6F100423942 /* MedicalRecordTableViewCell.swift */,
				FB1D661D2071E95900423942 /* MedicalRecordTableViewController.swift */,
				FB1D66202072ACCF00423942 /* MedicalRecordDetailViewController.swift */,
			);
			path = medicalRecord;
			sourceTree = "<group>";
		};
		FBCD572D2102BD39008BECC1 /* login */ = {
			isa = PBXGroup;
			children = (
				FB518CCF211BDEAC007772EE /* SplashViewController.swift */,
				FBF33088204A5E91009DABDD /* LoginViewController.swift */,
			);
			path = login;
			sourceTree = "<group>";
		};
		FBE3164120CC72030041B57E /* domain */ = {
			isa = PBXGroup;
			children = (
				FB4F5FEF207088D10011BBD4 /* Credential.swift */,
				FB1D66192071DF8F00423942 /* MedicalRecord.swift */,
				FB173A1820CE1AF40048F642 /* Reason.swift */,
				FB173A1A20CE1BB50048F642 /* Videocall.swift */,
				FB4F072220CE202900A23FF9 /* Affiliate.swift */,
				FB4F072420CE213F00A23FF9 /* Provider.swift */,
				FB4F072620CE21AB00A23FF9 /* Doctor.swift */,
				FBE71F9E21080E0A006D3540 /* UserInfo.swift */,
			);
			path = domain;
			sourceTree = "<group>";
		};
		FBE3164220CC72430041B57E /* util */ = {
			isa = PBXGroup;
			children = (
				FBE3164320CC725D0041B57E /* Constant.swift */,
				FB4F072820D0A4D400A23FF9 /* Util.swift */,
			);
			path = util;
			sourceTree = "<group>";
		};
		FBF3307A204A5E91009DABDD = {
			isa = PBXGroup;
			children = (
				FBF33085204A5E91009DABDD /* DoctorEnCasa-iOS */,
				FBF33084204A5E91009DABDD /* Products */,
			);
			sourceTree = "<group>";
		};
		FBF33084204A5E91009DABDD /* Products */ = {
			isa = PBXGroup;
			children = (
				FBF33083204A5E91009DABDD /* DoctorEnCasa-iOS.app */,
			);
			name = Products;
			sourceTree = "<group>";
		};
		FBF33085204A5E91009DABDD /* DoctorEnCasa-iOS */ = {
			isa = PBXGroup;
			children = (
				FBCD572D2102BD39008BECC1 /* login */,
				FBE3164220CC72430041B57E /* util */,
				FBE3164120CC72030041B57E /* domain */,
				FB1D661F2071E98400423942 /* medicalRecord */,
				FBF33086204A5E91009DABDD /* AppDelegate.swift */,
				FBF3308A204A5E91009DABDD /* Main.storyboard */,
				FBF3308D204A5E91009DABDD /* Assets.xcassets */,
				FBF3308F204A5E91009DABDD /* LaunchScreen.storyboard */,
				FBF33092204A5E91009DABDD /* Info.plist */,
				FB2C43BD207712E00016F78F /* ApiClient.swift */,
			);
			path = "DoctorEnCasa-iOS";
			sourceTree = "<group>";
		};
/* End PBXGroup section */

/* Begin PBXNativeTarget section */
		FBF33082204A5E91009DABDD /* DoctorEnCasa-iOS */ = {
			isa = PBXNativeTarget;
			buildConfigurationList = FBF33095204A5E91009DABDD /* Build configuration list for PBXNativeTarget "DoctorEnCasa-iOS" */;
			buildPhases = (
				FBF3307F204A5E91009DABDD /* Sources */,
				FBF33080204A5E91009DABDD /* Frameworks */,
				FBF33081204A5E91009DABDD /* Resources */,
			);
			buildRules = (
			);
			dependencies = (
			);
			name = "DoctorEnCasa-iOS";
			productName = "DoctorEnCasa-iOS";
			productReference = FBF33083204A5E91009DABDD /* DoctorEnCasa-iOS.app */;
			productType = "com.apple.product-type.application";
		};
/* End PBXNativeTarget section */

/* Begin PBXProject section */
		FBF3307B204A5E91009DABDD /* Project object */ = {
			isa = PBXProject;
			attributes = {
				LastSwiftUpdateCheck = 0920;
				LastUpgradeCheck = 0920;
				ORGANIZATIONNAME = Agustin;
				TargetAttributes = {
					FBF33082204A5E91009DABDD = {
						CreatedOnToolsVersion = 9.2;
						ProvisioningStyle = Automatic;
					};
				};
			};
			buildConfigurationList = FBF3307E204A5E91009DABDD /* Build configuration list for PBXProject "DoctorEnCasa-iOS" */;
			compatibilityVersion = "Xcode 8.0";
			developmentRegion = en;
			hasScannedForEncodings = 0;
			knownRegions = (
				en,
				Base,
			);
			mainGroup = FBF3307A204A5E91009DABDD;
			productRefGroup = FBF33084204A5E91009DABDD /* Products */;
			projectDirPath = "";
			projectRoot = "";
			targets = (
				FBF33082204A5E91009DABDD /* DoctorEnCasa-iOS */,
			);
		};
/* End PBXProject section */

/* Begin PBXResourcesBuildPhase section */
		FBF33081204A5E91009DABDD /* Resources */ = {
			isa = PBXResourcesBuildPhase;
			buildActionMask = 2147483647;
			files = (
				FBF33091204A5E91009DABDD /* LaunchScreen.storyboard in Resources */,
				FBF3308E204A5E91009DABDD /* Assets.xcassets in Resources */,
				FBF3308C204A5E91009DABDD /* Main.storyboard in Resources */,
			);
			runOnlyForDeploymentPostprocessing = 0;
		};
/* End PBXResourcesBuildPhase section */

/* Begin PBXSourcesBuildPhase section */
		FBF3307F204A5E91009DABDD /* Sources */ = {
			isa = PBXSourcesBuildPhase;
			buildActionMask = 2147483647;
			files = (
				FB1D661E2071E95900423942 /* MedicalRecordTableViewController.swift in Sources */,
				FB173A1B20CE1BB50048F642 /* Videocall.swift in Sources */,
				FBF33089204A5E91009DABDD /* LoginViewController.swift in Sources */,
				FB518CD0211BDEAC007772EE /* SplashViewController.swift in Sources */,
				FBE3164420CC725D0041B57E /* Constant.swift in Sources */,
				FBE71F9F21080E0A006D3540 /* UserInfo.swift in Sources */,
				FB4F5FF0207088D10011BBD4 /* Credential.swift in Sources */,
				FB2C43BE207712E00016F78F /* ApiClient.swift in Sources */,
				FB4F072720CE21AB00A23FF9 /* Doctor.swift in Sources */,
				FB4F072920D0A4D400A23FF9 /* Util.swift in Sources */,
				FB1D66212072ACCF00423942 /* MedicalRecordDetailViewController.swift in Sources */,
				FB1D661A2071DF8F00423942 /* MedicalRecord.swift in Sources */,
				FB1D661C2071E6F100423942 /* MedicalRecordTableViewCell.swift in Sources */,
				FB4F072520CE213F00A23FF9 /* Provider.swift in Sources */,
				FBF33087204A5E91009DABDD /* AppDelegate.swift in Sources */,
				FB173A1920CE1AF40048F642 /* Reason.swift in Sources */,
				FB4F072320CE202900A23FF9 /* Affiliate.swift in Sources */,
			);
			runOnlyForDeploymentPostprocessing = 0;
		};
/* End PBXSourcesBuildPhase section */

/* Begin PBXVariantGroup section */
		FBF3308A204A5E91009DABDD /* Main.storyboard */ = {
			isa = PBXVariantGroup;
			children = (
				FBF3308B204A5E91009DABDD /* Base */,
			);
			name = Main.storyboard;
			sourceTree = "<group>";
		};
		FBF3308F204A5E91009DABDD /* LaunchScreen.storyboard */ = {
			isa = PBXVariantGroup;
			children = (
				FBF33090204A5E91009DABDD /* Base */,
			);
			name = LaunchScreen.storyboard;
			sourceTree = "<group>";
		};
/* End PBXVariantGroup section */

/* Begin XCBuildConfiguration section */
		FBF33093204A5E91009DABDD /* Debug */ = {
			isa = XCBuildConfiguration;
			buildSettings = {
				ALWAYS_SEARCH_USER_PATHS = NO;
				CLANG_ANALYZER_NONNULL = YES;
				CLANG_ANALYZER_NUMBER_OBJECT_CONVERSION = YES_AGGRESSIVE;
				CLANG_CXX_LANGUAGE_STANDARD = "gnu++14";
				CLANG_CXX_LIBRARY = "libc++";
				CLANG_ENABLE_MODULES = YES;
				CLANG_ENABLE_OBJC_ARC = YES;
				CLANG_WARN_BLOCK_CAPTURE_AUTORELEASING = YES;
				CLANG_WARN_BOOL_CONVERSION = YES;
				CLANG_WARN_COMMA = YES;
				CLANG_WARN_CONSTANT_CONVERSION = YES;
				CLANG_WARN_DIRECT_OBJC_ISA_USAGE = YES_ERROR;
				CLANG_WARN_DOCUMENTATION_COMMENTS = YES;
				CLANG_WARN_EMPTY_BODY = YES;
				CLANG_WARN_ENUM_CONVERSION = YES;
				CLANG_WARN_INFINITE_RECURSION = YES;
				CLANG_WARN_INT_CONVERSION = YES;
				CLANG_WARN_NON_LITERAL_NULL_CONVERSION = YES;
				CLANG_WARN_OBJC_LITERAL_CONVERSION = YES;
				CLANG_WARN_OBJC_ROOT_CLASS = YES_ERROR;
				CLANG_WARN_RANGE_LOOP_ANALYSIS = YES;
				CLANG_WARN_STRICT_PROTOTYPES = YES;
				CLANG_WARN_SUSPICIOUS_MOVE = YES;
				CLANG_WARN_UNGUARDED_AVAILABILITY = YES_AGGRESSIVE;
				CLANG_WARN_UNREACHABLE_CODE = YES;
				CLANG_WARN__DUPLICATE_METHOD_MATCH = YES;
				CODE_SIGN_IDENTITY = "iPhone Developer";
				COPY_PHASE_STRIP = NO;
				DEBUG_INFORMATION_FORMAT = dwarf;
				ENABLE_STRICT_OBJC_MSGSEND = YES;
				ENABLE_TESTABILITY = YES;
				GCC_C_LANGUAGE_STANDARD = gnu11;
				GCC_DYNAMIC_NO_PIC = NO;
				GCC_NO_COMMON_BLOCKS = YES;
				GCC_OPTIMIZATION_LEVEL = 0;
				GCC_PREPROCESSOR_DEFINITIONS = (
					"DEBUG=1",
					"$(inherited)",
				);
				GCC_WARN_64_TO_32_BIT_CONVERSION = YES;
				GCC_WARN_ABOUT_RETURN_TYPE = YES_ERROR;
				GCC_WARN_UNDECLARED_SELECTOR = YES;
				GCC_WARN_UNINITIALIZED_AUTOS = YES_AGGRESSIVE;
				GCC_WARN_UNUSED_FUNCTION = YES;
				GCC_WARN_UNUSED_VARIABLE = YES;
				IPHONEOS_DEPLOYMENT_TARGET = 11.2;
				MTL_ENABLE_DEBUG_INFO = YES;
				ONLY_ACTIVE_ARCH = YES;
				SDKROOT = iphoneos;
				SWIFT_ACTIVE_COMPILATION_CONDITIONS = DEBUG;
				SWIFT_OPTIMIZATION_LEVEL = "-Onone";
			};
			name = Debug;
		};
		FBF33094204A5E91009DABDD /* Release */ = {
			isa = XCBuildConfiguration;
			buildSettings = {
				ALWAYS_SEARCH_USER_PATHS = NO;
				CLANG_ANALYZER_NONNULL = YES;
				CLANG_ANALYZER_NUMBER_OBJECT_CONVERSION = YES_AGGRESSIVE;
				CLANG_CXX_LANGUAGE_STANDARD = "gnu++14";
				CLANG_CXX_LIBRARY = "libc++";
				CLANG_ENABLE_MODULES = YES;
				CLANG_ENABLE_OBJC_ARC = YES;
				CLANG_WARN_BLOCK_CAPTURE_AUTORELEASING = YES;
				CLANG_WARN_BOOL_CONVERSION = YES;
				CLANG_WARN_COMMA = YES;
				CLANG_WARN_CONSTANT_CONVERSION = YES;
				CLANG_WARN_DIRECT_OBJC_ISA_USAGE = YES_ERROR;
				CLANG_WARN_DOCUMENTATION_COMMENTS = YES;
				CLANG_WARN_EMPTY_BODY = YES;
				CLANG_WARN_ENUM_CONVERSION = YES;
				CLANG_WARN_INFINITE_RECURSION = YES;
				CLANG_WARN_INT_CONVERSION = YES;
				CLANG_WARN_NON_LITERAL_NULL_CONVERSION = YES;
				CLANG_WARN_OBJC_LITERAL_CONVERSION = YES;
				CLANG_WARN_OBJC_ROOT_CLASS = YES_ERROR;
				CLANG_WARN_RANGE_LOOP_ANALYSIS = YES;
				CLANG_WARN_STRICT_PROTOTYPES = YES;
				CLANG_WARN_SUSPICIOUS_MOVE = YES;
				CLANG_WARN_UNGUARDED_AVAILABILITY = YES_AGGRESSIVE;
				CLANG_WARN_UNREACHABLE_CODE = YES;
				CLANG_WARN__DUPLICATE_METHOD_MATCH = YES;
				CODE_SIGN_IDENTITY = "iPhone Developer";
				COPY_PHASE_STRIP = NO;
				DEBUG_INFORMATION_FORMAT = "dwarf-with-dsym";
				ENABLE_NS_ASSERTIONS = NO;
				ENABLE_STRICT_OBJC_MSGSEND = YES;
				GCC_C_LANGUAGE_STANDARD = gnu11;
				GCC_NO_COMMON_BLOCKS = YES;
				GCC_WARN_64_TO_32_BIT_CONVERSION = YES;
				GCC_WARN_ABOUT_RETURN_TYPE = YES_ERROR;
				GCC_WARN_UNDECLARED_SELECTOR = YES;
				GCC_WARN_UNINITIALIZED_AUTOS = YES_AGGRESSIVE;
				GCC_WARN_UNUSED_FUNCTION = YES;
				GCC_WARN_UNUSED_VARIABLE = YES;
				IPHONEOS_DEPLOYMENT_TARGET = 11.2;
				MTL_ENABLE_DEBUG_INFO = NO;
				SDKROOT = iphoneos;
				SWIFT_OPTIMIZATION_LEVEL = "-Owholemodule";
				VALIDATE_PRODUCT = YES;
			};
			name = Release;
		};
		FBF33096204A5E91009DABDD /* Debug */ = {
			isa = XCBuildConfiguration;
			buildSettings = {
				ASSETCATALOG_COMPILER_APPICON_NAME = AppIcon;
				CODE_SIGN_STYLE = Automatic;
				DEVELOPMENT_TEAM = L5P4M56776;
				INFOPLIST_FILE = "DoctorEnCasa-iOS/Info.plist";
				LD_RUNPATH_SEARCH_PATHS = "$(inherited) @executable_path/Frameworks";
				PRODUCT_BUNDLE_IDENTIFIER = "com.ucmq.doctorencasa.DoctorEnCasa-iOS";
				PRODUCT_NAME = "$(TARGET_NAME)";
				SWIFT_VERSION = 4.0;
				TARGETED_DEVICE_FAMILY = 1;
			};
			name = Debug;
		};
		FBF33097204A5E91009DABDD /* Release */ = {
			isa = XCBuildConfiguration;
			buildSettings = {
				ASSETCATALOG_COMPILER_APPICON_NAME = AppIcon;
				CODE_SIGN_STYLE = Automatic;
				DEVELOPMENT_TEAM = L5P4M56776;
				INFOPLIST_FILE = "DoctorEnCasa-iOS/Info.plist";
				LD_RUNPATH_SEARCH_PATHS = "$(inherited) @executable_path/Frameworks";
				PRODUCT_BUNDLE_IDENTIFIER = "com.ucmq.doctorencasa.DoctorEnCasa-iOS";
				PRODUCT_NAME = "$(TARGET_NAME)";
				SWIFT_VERSION = 4.0;
				TARGETED_DEVICE_FAMILY = 1;
			};
			name = Release;
		};
/* End XCBuildConfiguration section */

/* Begin XCConfigurationList section */
		FBF3307E204A5E91009DABDD /* Build configuration list for PBXProject "DoctorEnCasa-iOS" */ = {
			isa = XCConfigurationList;
			buildConfigurations = (
				FBF33093204A5E91009DABDD /* Debug */,
				FBF33094204A5E91009DABDD /* Release */,
			);
			defaultConfigurationIsVisible = 0;
			defaultConfigurationName = Release;
		};
		FBF33095204A5E91009DABDD /* Build configuration list for PBXNativeTarget "DoctorEnCasa-iOS" */ = {
			isa = XCConfigurationList;
			buildConfigurations = (
				FBF33096204A5E91009DABDD /* Debug */,
				FBF33097204A5E91009DABDD /* Release */,
			);
			defaultConfigurationIsVisible = 0;
			defaultConfigurationName = Release;
		};
/* End XCConfigurationList section */
	};
	rootObject = FBF3307B204A5E91009DABDD /* Project object */;
}
